<?xml version="1.0" encoding="utf-8"?>
<Project ToolsVersion="17.0" xmlns="http://schemas.microsoft.com/developer/msbuild/2003">
  <ItemGroup>
    <ClCompile Include="C:\workspace\osp-gojimmypi\realm\realm-core-gojimmypi\src\realm\exec\importer_tool.cpp">
      <Filter>Source Files</Filter>
    </ClCompile>
    <ClCompile Include="C:\workspace\osp-gojimmypi\realm\realm-core-gojimmypi\src\realm\exec\importer.cpp">
      <Filter>Source Files</Filter>
    </ClCompile>
  </ItemGroup>
  <ItemGroup>
    <ClInclude Include="C:\workspace\osp-gojimmypi\realm\realm-core-gojimmypi\src\realm\exec\importer.hpp">
      <Filter>Header Files</Filter>
    </ClInclude>
  </ItemGroup>
  <ItemGroup>
    <CustomBuild Include="C:\workspace\osp-gojimmypi\realm\realm-core-gojimmypi\src\realm\exec\CMakeLists.txt" />
  </ItemGroup>
  <ItemGroup>
    <Filter Include="Header Files">
      <UniqueIdentifier>{020EF7E9-D766-3BFD-9F90-448849F20D38}</UniqueIdentifier>
    </Filter>
    <Filter Include="Source Files">
      <UniqueIdentifier>{40E47C88-ED84-3184-A68A-28B0B3C66756}</UniqueIdentifier>
    </Filter>
  </ItemGroup>
</Project>
